
Microsoft Visual Studio Solution File, Format Version 12.00
# Visual Studio Version 17
VisualStudioVersion = 17.8.34330.188
MinimumVisualStudioVersion = 10.0.40219.1
Project("{FAE04EC0-301F-11D3-BF4B-00C04F79EFBC}") = "WebApp", "WebApp\WebApp\WebApp.csproj", "{6F9CE062-27BE-4E14-A53B-9D273235BAB1}"
EndProject
Project("{FAE04EC0-301F-11D3-BF4B-00C04F79EFBC}") = "WebApp.Client", "WebApp\WebApp.Client\WebApp.Client.csproj", "{A8AA4034-94A5-4597-B16C-2F0D94F74F25}"
EndProject
Global
	GlobalSection(SolutionConfigurationPlatforms) = preSolution
		Debug|Any CPU = Debug|Any CPU
		Release|Any CPU = Release|Any CPU
	EndGlobalSection
	GlobalSection(ProjectConfigurationPlatforms) = postSolution
		{6F9CE062-27BE-4E14-A53B-9D273235BAB1}.Debug|Any CPU.ActiveCfg = Debug|Any CPU
		{6F9CE062-27BE-4E14-A53B-9D273235BAB1}.Debug|Any CPU.Build.0 = Debug|Any CPU
		{6F9CE062-27BE-4E14-A53B-9D273235BAB1}.Release|Any CPU.ActiveCfg = Release|Any CPU
		{6F9CE062-27BE-4E14-A53B-9D273235BAB1}.Release|Any CPU.Build.0 = Release|Any CPU
		{A8AA4034-94A5-4597-B16C-2F0D94F74F25}.Debug|Any CPU.ActiveCfg = Debug|Any CPU
		{A8AA4034-94A5-4597-B16C-2F0D94F74F25}.Debug|Any CPU.Build.0 = Debug|Any CPU
		{A8AA4034-94A5-4597-B16C-2F0D94F74F25}.Release|Any CPU.ActiveCfg = Release|Any CPU
		{A8AA4034-94A5-4597-B16C-2F0D94F74F25}.Release|Any CPU.Build.0 = Release|Any CPU
	EndGlobalSection
	GlobalSection(SolutionProperties) = preSolution
		HideSolutionNode = FALSE
	EndGlobalSection
	GlobalSection(ExtensibilityGlobals) = postSolution
		SolutionGuid = {91148975-1EE7-4403-9280-2F5CEB11E74F}
	EndGlobalSection
EndGlobal
